{
  "name": "Craete-wheel",
  "lockfileVersion": 2,
  "requires": true,
  "packages": {
    "": {
      "dependencies": {
        "-": "^0.0.1",
        "g": "^2.0.1",
        "pnpm": "^7.27.1"
      }
    },
    "node_modules/-": {
      "version": "0.0.1",
      "resolved": "https://registry.npmmirror.com/-/-/--0.0.1.tgz",
      "integrity": "sha512-3HfneK3DGAm05fpyj20sT3apkNcvPpCuccOThOPdzz8sY7GgQGe0l93XH9bt+YzibcTIgUAIMoyVJI740RtgyQ=="
    },
    "node_modules/g": {
      "version": "2.0.1",
      "resolved": "https://registry.npmmirror.com/g/-/g-2.0.1.tgz",
      "integrity": "sha512-Fi6Ng5fZ/ANLQ15H11hCe+09sgUoNvDEBevVgx3KoYOhsH5iLNPn54hx0jPZ+3oSWr+xajnp2Qau9VmPsc7hTA=="
    },
    "node_modules/pnpm": {
      "version": "7.27.1",
      "resolved": "https://registry.npmmirror.com/pnpm/-/pnpm-7.27.1.tgz",
      "integrity": "sha512-IpBeZ+71slENbuOXwbV4U6yxOMfEWEvlVuT6+ChZ1D80oF0eHyN4h/hc13UrzVXpXI3bf7sPfRWGb8TYkrvJUA==",
      "bin": {
        "pnpm": "bin/pnpm.cjs",
        "pnpx": "bin/pnpx.cjs"
      },
      "engines": {
        "node": ">=14.6"
      }
    }
  },
  "dependencies": {
    "-": {
      "version": "0.0.1",
      "resolved": "https://registry.npmmirror.com/-/-/--0.0.1.tgz",
      "integrity": "sha512-3HfneK3DGAm05fpyj20sT3apkNcvPpCuccOThOPdzz8sY7GgQGe0l93XH9bt+YzibcTIgUAIMoyVJI740RtgyQ=="
    },
    "g": {
      "version": "2.0.1",
      "resolved": "https://registry.npmmirror.com/g/-/g-2.0.1.tgz",
      "integrity": "sha512-Fi6Ng5fZ/ANLQ15H11hCe+09sgUoNvDEBevVgx3KoYOhsH5iLNPn54hx0jPZ+3oSWr+xajnp2Qau9VmPsc7hTA=="
    },
    "pnpm": {
      "version": "7.27.1",
      "resolved": "https://registry.npmmirror.com/pnpm/-/pnpm-7.27.1.tgz",
      "integrity": "sha512-IpBeZ+71slENbuOXwbV4U6yxOMfEWEvlVuT6+ChZ1D80oF0eHyN4h/hc13UrzVXpXI3bf7sPfRWGb8TYkrvJUA=="
    }
  }
}
