{
  "name": "template",
  "version": "1.0.0",
  "lockfileVersion": 2,
  "requires": true,
  "packages": {
    "": {
      "name": "template",
      "version": "1.0.0",
      "license": "ISC",
      "dependencies": {
        "pnpm": "^7.1.6"
      }
    },
    "node_modules/pnpm": {
      "version": "7.1.6",
      "resolved": "https://registry.npmmirror.com/pnpm/-/pnpm-7.1.6.tgz",
      "integrity": "sha512-ZReCitIDPkdJ8DcKqJ2CLvl7FhwOJiDiTN1c5ElaxmCvivptJaRIDd3IDTnydDhVUWk1rtaP5/mK6oktD5WH9A==",
      "bin": {
        "pnpm": "bin/pnpm.cjs",
        "pnpx": "bin/pnpx.cjs"
      },
      "engines": {
        "node": ">=14.19"
      }
    }
  },
  "dependencies": {
    "pnpm": {
      "version": "7.1.6",
      "resolved": "https://registry.npmmirror.com/pnpm/-/pnpm-7.1.6.tgz",
      "integrity": "sha512-ZReCitIDPkdJ8DcKqJ2CLvl7FhwOJiDiTN1c5ElaxmCvivptJaRIDd3IDTnydDhVUWk1rtaP5/mK6oktD5WH9A=="
    }
  }
}
